// !$*UTF8*$!
{
	archiveVersion = 1;
	classes = {
	};
	objectVersion = 50;
	objects = {

/* Begin PBXBuildFile section */
		5306477820FE86240062432D /* CoreLocation.framework in Frameworks */ = {isa = PBXBuildFile; fileRef = 5306477720FE86240062432D /* CoreLocation.framework */; };
		5306477B20FEEE6A0062432D /* GoogleMapsManager.m in Sources */ = {isa = PBXBuildFile; fileRef = 5306477A20FEEE6A0062432D /* GoogleMapsManager.m */; };
		5306477E20FEF93D0062432D /* Landmark.m in Sources */ = {isa = PBXBuildFile; fileRef = 5306477D20FEF93D0062432D /* Landmark.m */; };
		5306478120FFABD10062432D /* selectEventsViewController.m in Sources */ = {isa = PBXBuildFile; fileRef = 5306478020FFABD10062432D /* selectEventsViewController.m */; };
		5306478420FFB33A0062432D /* EventCell.m in Sources */ = {isa = PBXBuildFile; fileRef = 5306478320FFB33A0062432D /* EventCell.m */; };
		5306478720FFED150062432D /* RestaurantTimeViewController.m in Sources */ = {isa = PBXBuildFile; fileRef = 5306478620FFED150062432D /* RestaurantTimeViewController.m */; };
		5306478A210154010062432D /* EventDetailsViewController.m in Sources */ = {isa = PBXBuildFile; fileRef = 53064789210154010062432D /* EventDetailsViewController.m */; };
		5329930321068C8C0058D428 /* ProfileViewController.m in Sources */ = {isa = PBXBuildFile; fileRef = 5329930221068C8C0058D428 /* ProfileViewController.m */; };
		537A5DE721019D3300890FEF /* EventKit.framework in Frameworks */ = {isa = PBXBuildFile; fileRef = 537A5DE621019D3300890FEF /* EventKit.framework */; };
		5386C9042107E5D7002AA967 /* ScheduleCell.m in Sources */ = {isa = PBXBuildFile; fileRef = 5386C9032107E5D7002AA967 /* ScheduleCell.m */; };
		72D5332444D19627D346CC57 /* libPods-Roadtrip.a in Frameworks */ = {isa = PBXBuildFile; fileRef = B30F6A8CE41E8160D8DC0B8E /* libPods-Roadtrip.a */; };
		D656ED8E20FD320600D7BAFD /* YelpManager.m in Sources */ = {isa = PBXBuildFile; fileRef = D656ED8D20FD320600D7BAFD /* YelpManager.m */; };
		D656ED9120FD3B0800D7BAFD /* TestingViewController.m in Sources */ = {isa = PBXBuildFile; fileRef = D656ED9020FD3B0800D7BAFD /* TestingViewController.m */; };
		D656ED9420FD446F00D7BAFD /* Event.m in Sources */ = {isa = PBXBuildFile; fileRef = D656ED9320FD446F00D7BAFD /* Event.m */; };
		D670B20C20FDC9DC0064755D /* Restaurant.m in Sources */ = {isa = PBXBuildFile; fileRef = D670B20B20FDC9DC0064755D /* Restaurant.m */; };
		D67ACB132108F9FF00EA1815 /* SearchPeopleViewController.m in Sources */ = {isa = PBXBuildFile; fileRef = D67ACB122108F9FF00EA1815 /* SearchPeopleViewController.m */; };
		D67ACB162109016D00EA1815 /* UserCell.m in Sources */ = {isa = PBXBuildFile; fileRef = D67ACB152109016D00EA1815 /* UserCell.m */; };
		D680BC1020FFF96200C0EBC4 /* LocationTableViewController.m in Sources */ = {isa = PBXBuildFile; fileRef = D680BC0F20FFF96200C0EBC4 /* LocationTableViewController.m */; };
		D680BC132100156E00C0EBC4 /* EventbriteManager.m in Sources */ = {isa = PBXBuildFile; fileRef = D680BC122100156E00C0EBC4 /* EventbriteManager.m */; };
		D68C739320FC46D700364D35 /* SWRevealViewController in Resources */ = {isa = PBXBuildFile; fileRef = D68C739220FC46D700364D35 /* SWRevealViewController */; };
		D6A1E4212102649400EFF016 /* EventMapViewController.m in Sources */ = {isa = PBXBuildFile; fileRef = D6A1E4202102649400EFF016 /* EventMapViewController.m */; };
		D6AA0A6A2108F4E40074456B /* FriendCell.m in Sources */ = {isa = PBXBuildFile; fileRef = D6AA0A692108F4E40074456B /* FriendCell.m */; };
		F6A23ADC20EFE04C002384E8 /* AppDelegate.m in Sources */ = {isa = PBXBuildFile; fileRef = F6A23ADB20EFE04C002384E8 /* AppDelegate.m */; };
		F6A23AE220EFE04C002384E8 /* Main.storyboard in Resources */ = {isa = PBXBuildFile; fileRef = F6A23AE020EFE04C002384E8 /* Main.storyboard */; };
		F6A23AE420EFE04D002384E8 /* Assets.xcassets in Resources */ = {isa = PBXBuildFile; fileRef = F6A23AE320EFE04D002384E8 /* Assets.xcassets */; };
		F6A23AE720EFE04D002384E8 /* LaunchScreen.storyboard in Resources */ = {isa = PBXBuildFile; fileRef = F6A23AE520EFE04D002384E8 /* LaunchScreen.storyboard */; };
		F6A23AEA20EFE04D002384E8 /* main.m in Sources */ = {isa = PBXBuildFile; fileRef = F6A23AE920EFE04D002384E8 /* main.m */; };
		F6F77C4020FB256600836D65 /* LoginViewController.m in Sources */ = {isa = PBXBuildFile; fileRef = F6F77C3F20FB256600836D65 /* LoginViewController.m */; };
		F6F77C4620FC6D7600836D65 /* SignupViewController.m in Sources */ = {isa = PBXBuildFile; fileRef = F6F77C4420FC6D7600836D65 /* SignupViewController.m */; };
		F6F77C4920FD353800836D65 /* CategoryViewController.m in Sources */ = {isa = PBXBuildFile; fileRef = F6F77C4820FD353800836D65 /* CategoryViewController.m */; };
		F6F77C4D20FD4AC100836D65 /* SelectLocationViewController.m in Sources */ = {isa = PBXBuildFile; fileRef = F6F77C4C20FD4AC100836D65 /* SelectLocationViewController.m */; };
		F6F77C5020FFC2D900836D65 /* SelectLandmarksViewController.m in Sources */ = {isa = PBXBuildFile; fileRef = F6F77C4F20FFC2D900836D65 /* SelectLandmarksViewController.m */; };
		F6F77C5320FFC3EB00836D65 /* LandmarkCell.m in Sources */ = {isa = PBXBuildFile; fileRef = F6F77C5220FFC3EB00836D65 /* LandmarkCell.m */; };
		F6F77C5C210016FE00836D65 /* SelectionViewController.m in Sources */ = {isa = PBXBuildFile; fileRef = F6F77C5B210016FE00836D65 /* SelectionViewController.m */; };
		F6F77C5F21003A2500836D65 /* ScheduleViewController.m in Sources */ = {isa = PBXBuildFile; fileRef = F6F77C5E21003A2500836D65 /* ScheduleViewController.m */; };
/* End PBXBuildFile section */

/* Begin PBXFileReference section */
		029F8E84BB1D1DE9439CB6EE /* Pods-Roadtrip.debug.xcconfig */ = {isa = PBXFileReference; includeInIndex = 1; lastKnownFileType = text.xcconfig; name = "Pods-Roadtrip.debug.xcconfig"; path = "Pods/Target Support Files/Pods-Roadtrip/Pods-Roadtrip.debug.xcconfig"; sourceTree = "<group>"; };
		5306477720FE86240062432D /* CoreLocation.framework */ = {isa = PBXFileReference; lastKnownFileType = wrapper.framework; name = CoreLocation.framework; path = System/Library/Frameworks/CoreLocation.framework; sourceTree = SDKROOT; };
		5306477920FEEE6A0062432D /* GoogleMapsManager.h */ = {isa = PBXFileReference; lastKnownFileType = sourcecode.c.h; path = GoogleMapsManager.h; sourceTree = "<group>"; };
		5306477A20FEEE6A0062432D /* GoogleMapsManager.m */ = {isa = PBXFileReference; lastKnownFileType = sourcecode.c.objc; path = GoogleMapsManager.m; sourceTree = "<group>"; };
		5306477C20FEF93D0062432D /* Landmark.h */ = {isa = PBXFileReference; lastKnownFileType = sourcecode.c.h; path = Landmark.h; sourceTree = "<group>"; };
		5306477D20FEF93D0062432D /* Landmark.m */ = {isa = PBXFileReference; lastKnownFileType = sourcecode.c.objc; path = Landmark.m; sourceTree = "<group>"; };
		5306477F20FFABD10062432D /* selectEventsViewController.h */ = {isa = PBXFileReference; lastKnownFileType = sourcecode.c.h; path = selectEventsViewController.h; sourceTree = "<group>"; };
		5306478020FFABD10062432D /* selectEventsViewController.m */ = {isa = PBXFileReference; lastKnownFileType = sourcecode.c.objc; path = selectEventsViewController.m; sourceTree = "<group>"; };
		5306478220FFB33A0062432D /* EventCell.h */ = {isa = PBXFileReference; lastKnownFileType = sourcecode.c.h; path = EventCell.h; sourceTree = "<group>"; };
		5306478320FFB33A0062432D /* EventCell.m */ = {isa = PBXFileReference; lastKnownFileType = sourcecode.c.objc; path = EventCell.m; sourceTree = "<group>"; };
		5306478520FFED150062432D /* RestaurantTimeViewController.h */ = {isa = PBXFileReference; lastKnownFileType = sourcecode.c.h; path = RestaurantTimeViewController.h; sourceTree = "<group>"; };
		5306478620FFED150062432D /* RestaurantTimeViewController.m */ = {isa = PBXFileReference; lastKnownFileType = sourcecode.c.objc; path = RestaurantTimeViewController.m; sourceTree = "<group>"; };
		53064788210154010062432D /* EventDetailsViewController.h */ = {isa = PBXFileReference; lastKnownFileType = sourcecode.c.h; path = EventDetailsViewController.h; sourceTree = "<group>"; };
		53064789210154010062432D /* EventDetailsViewController.m */ = {isa = PBXFileReference; lastKnownFileType = sourcecode.c.objc; path = EventDetailsViewController.m; sourceTree = "<group>"; };
		5329930121068C8C0058D428 /* ProfileViewController.h */ = {isa = PBXFileReference; lastKnownFileType = sourcecode.c.h; path = ProfileViewController.h; sourceTree = "<group>"; };
		5329930221068C8C0058D428 /* ProfileViewController.m */ = {isa = PBXFileReference; lastKnownFileType = sourcecode.c.objc; path = ProfileViewController.m; sourceTree = "<group>"; };
		537A5DE621019D3300890FEF /* EventKit.framework */ = {isa = PBXFileReference; lastKnownFileType = wrapper.framework; name = EventKit.framework; path = System/Library/Frameworks/EventKit.framework; sourceTree = SDKROOT; };
		5386C9022107E5D7002AA967 /* ScheduleCell.h */ = {isa = PBXFileReference; lastKnownFileType = sourcecode.c.h; path = ScheduleCell.h; sourceTree = "<group>"; };
		5386C9032107E5D7002AA967 /* ScheduleCell.m */ = {isa = PBXFileReference; lastKnownFileType = sourcecode.c.objc; path = ScheduleCell.m; sourceTree = "<group>"; };
		B30F6A8CE41E8160D8DC0B8E /* libPods-Roadtrip.a */ = {isa = PBXFileReference; explicitFileType = archive.ar; includeInIndex = 0; path = "libPods-Roadtrip.a"; sourceTree = BUILT_PRODUCTS_DIR; };
		C10D3723941B140CC23B1156 /* Pods-Roadtrip.release.xcconfig */ = {isa = PBXFileReference; includeInIndex = 1; lastKnownFileType = text.xcconfig; name = "Pods-Roadtrip.release.xcconfig"; path = "Pods/Target Support Files/Pods-Roadtrip/Pods-Roadtrip.release.xcconfig"; sourceTree = "<group>"; };
		D656ED8C20FD320600D7BAFD /* YelpManager.h */ = {isa = PBXFileReference; lastKnownFileType = sourcecode.c.h; path = YelpManager.h; sourceTree = "<group>"; };
		D656ED8D20FD320600D7BAFD /* YelpManager.m */ = {isa = PBXFileReference; lastKnownFileType = sourcecode.c.objc; path = YelpManager.m; sourceTree = "<group>"; };
		D656ED8F20FD3B0800D7BAFD /* TestingViewController.h */ = {isa = PBXFileReference; lastKnownFileType = sourcecode.c.h; path = TestingViewController.h; sourceTree = "<group>"; };
		D656ED9020FD3B0800D7BAFD /* TestingViewController.m */ = {isa = PBXFileReference; lastKnownFileType = sourcecode.c.objc; path = TestingViewController.m; sourceTree = "<group>"; };
		D656ED9220FD446F00D7BAFD /* Event.h */ = {isa = PBXFileReference; lastKnownFileType = sourcecode.c.h; path = Event.h; sourceTree = "<group>"; };
		D656ED9320FD446F00D7BAFD /* Event.m */ = {isa = PBXFileReference; lastKnownFileType = sourcecode.c.objc; path = Event.m; sourceTree = "<group>"; };
		D670B20A20FDC9DC0064755D /* Restaurant.h */ = {isa = PBXFileReference; lastKnownFileType = sourcecode.c.h; path = Restaurant.h; sourceTree = "<group>"; };
		D670B20B20FDC9DC0064755D /* Restaurant.m */ = {isa = PBXFileReference; lastKnownFileType = sourcecode.c.objc; path = Restaurant.m; sourceTree = "<group>"; };
		D67ACB112108F9FF00EA1815 /* SearchPeopleViewController.h */ = {isa = PBXFileReference; lastKnownFileType = sourcecode.c.h; path = SearchPeopleViewController.h; sourceTree = "<group>"; };
		D67ACB122108F9FF00EA1815 /* SearchPeopleViewController.m */ = {isa = PBXFileReference; lastKnownFileType = sourcecode.c.objc; path = SearchPeopleViewController.m; sourceTree = "<group>"; };
		D67ACB142109016D00EA1815 /* UserCell.h */ = {isa = PBXFileReference; lastKnownFileType = sourcecode.c.h; path = UserCell.h; sourceTree = "<group>"; };
		D67ACB152109016D00EA1815 /* UserCell.m */ = {isa = PBXFileReference; lastKnownFileType = sourcecode.c.objc; path = UserCell.m; sourceTree = "<group>"; };
		D680BC0E20FFF96200C0EBC4 /* LocationTableViewController.h */ = {isa = PBXFileReference; lastKnownFileType = sourcecode.c.h; path = LocationTableViewController.h; sourceTree = "<group>"; };
		D680BC0F20FFF96200C0EBC4 /* LocationTableViewController.m */ = {isa = PBXFileReference; lastKnownFileType = sourcecode.c.objc; path = LocationTableViewController.m; sourceTree = "<group>"; };
		D680BC112100156E00C0EBC4 /* EventbriteManager.h */ = {isa = PBXFileReference; fileEncoding = 4; lastKnownFileType = sourcecode.c.h; path = EventbriteManager.h; sourceTree = "<group>"; };
		D680BC122100156E00C0EBC4 /* EventbriteManager.m */ = {isa = PBXFileReference; fileEncoding = 4; lastKnownFileType = sourcecode.c.objc; path = EventbriteManager.m; sourceTree = "<group>"; };
		D68C739220FC46D700364D35 /* SWRevealViewController */ = {isa = PBXFileReference; lastKnownFileType = folder; path = SWRevealViewController; sourceTree = "<group>"; };
		D6A1E41F2102649400EFF016 /* EventMapViewController.h */ = {isa = PBXFileReference; lastKnownFileType = sourcecode.c.h; path = EventMapViewController.h; sourceTree = "<group>"; };
		D6A1E4202102649400EFF016 /* EventMapViewController.m */ = {isa = PBXFileReference; lastKnownFileType = sourcecode.c.objc; path = EventMapViewController.m; sourceTree = "<group>"; };
		D6AA0A682108F4E40074456B /* FriendCell.h */ = {isa = PBXFileReference; lastKnownFileType = sourcecode.c.h; path = FriendCell.h; sourceTree = "<group>"; };
		D6AA0A692108F4E40074456B /* FriendCell.m */ = {isa = PBXFileReference; lastKnownFileType = sourcecode.c.objc; path = FriendCell.m; sourceTree = "<group>"; };
		F6A23AD720EFE04C002384E8 /* Roadtrip.app */ = {isa = PBXFileReference; explicitFileType = wrapper.application; includeInIndex = 0; path = Roadtrip.app; sourceTree = BUILT_PRODUCTS_DIR; };
		F6A23ADA20EFE04C002384E8 /* AppDelegate.h */ = {isa = PBXFileReference; lastKnownFileType = sourcecode.c.h; path = AppDelegate.h; sourceTree = "<group>"; };
		F6A23ADB20EFE04C002384E8 /* AppDelegate.m */ = {isa = PBXFileReference; lastKnownFileType = sourcecode.c.objc; path = AppDelegate.m; sourceTree = "<group>"; };
		F6A23AE120EFE04C002384E8 /* Base */ = {isa = PBXFileReference; lastKnownFileType = file.storyboard; name = Base; path = Base.lproj/Main.storyboard; sourceTree = "<group>"; };
		F6A23AE320EFE04D002384E8 /* Assets.xcassets */ = {isa = PBXFileReference; lastKnownFileType = folder.assetcatalog; path = Assets.xcassets; sourceTree = "<group>"; };
		F6A23AE620EFE04D002384E8 /* Base */ = {isa = PBXFileReference; lastKnownFileType = file.storyboard; name = Base; path = Base.lproj/LaunchScreen.storyboard; sourceTree = "<group>"; };
		F6A23AE820EFE04D002384E8 /* Info.plist */ = {isa = PBXFileReference; lastKnownFileType = text.plist.xml; path = Info.plist; sourceTree = "<group>"; };
		F6A23AE920EFE04D002384E8 /* main.m */ = {isa = PBXFileReference; lastKnownFileType = sourcecode.c.objc; path = main.m; sourceTree = "<group>"; };
		F6F77C3E20FB256600836D65 /* LoginViewController.h */ = {isa = PBXFileReference; lastKnownFileType = sourcecode.c.h; path = LoginViewController.h; sourceTree = "<group>"; };
		F6F77C3F20FB256600836D65 /* LoginViewController.m */ = {isa = PBXFileReference; lastKnownFileType = sourcecode.c.objc; path = LoginViewController.m; sourceTree = "<group>"; };
		F6F77C4420FC6D7600836D65 /* SignupViewController.m */ = {isa = PBXFileReference; lastKnownFileType = sourcecode.c.objc; path = SignupViewController.m; sourceTree = "<group>"; };
		F6F77C4520FC6D7600836D65 /* SignupViewController.h */ = {isa = PBXFileReference; lastKnownFileType = sourcecode.c.h; path = SignupViewController.h; sourceTree = "<group>"; };
		F6F77C4720FD353800836D65 /* CategoryViewController.h */ = {isa = PBXFileReference; lastKnownFileType = sourcecode.c.h; path = CategoryViewController.h; sourceTree = "<group>"; };
		F6F77C4820FD353800836D65 /* CategoryViewController.m */ = {isa = PBXFileReference; lastKnownFileType = sourcecode.c.objc; path = CategoryViewController.m; sourceTree = "<group>"; };
		F6F77C4B20FD4AC100836D65 /* SelectLocationViewController.h */ = {isa = PBXFileReference; lastKnownFileType = sourcecode.c.h; path = SelectLocationViewController.h; sourceTree = "<group>"; };
		F6F77C4C20FD4AC100836D65 /* SelectLocationViewController.m */ = {isa = PBXFileReference; lastKnownFileType = sourcecode.c.objc; path = SelectLocationViewController.m; sourceTree = "<group>"; };
		F6F77C4E20FFC2D900836D65 /* SelectLandmarksViewController.h */ = {isa = PBXFileReference; lastKnownFileType = sourcecode.c.h; path = SelectLandmarksViewController.h; sourceTree = "<group>"; };
		F6F77C4F20FFC2D900836D65 /* SelectLandmarksViewController.m */ = {isa = PBXFileReference; lastKnownFileType = sourcecode.c.objc; path = SelectLandmarksViewController.m; sourceTree = "<group>"; };
		F6F77C5120FFC3EB00836D65 /* LandmarkCell.h */ = {isa = PBXFileReference; lastKnownFileType = sourcecode.c.h; path = LandmarkCell.h; sourceTree = "<group>"; };
		F6F77C5220FFC3EB00836D65 /* LandmarkCell.m */ = {isa = PBXFileReference; lastKnownFileType = sourcecode.c.objc; path = LandmarkCell.m; sourceTree = "<group>"; };
		F6F77C5A210016FE00836D65 /* SelectionViewController.h */ = {isa = PBXFileReference; lastKnownFileType = sourcecode.c.h; path = SelectionViewController.h; sourceTree = "<group>"; };
		F6F77C5B210016FE00836D65 /* SelectionViewController.m */ = {isa = PBXFileReference; lastKnownFileType = sourcecode.c.objc; path = SelectionViewController.m; sourceTree = "<group>"; };
		F6F77C5D21003A2500836D65 /* ScheduleViewController.h */ = {isa = PBXFileReference; lastKnownFileType = sourcecode.c.h; path = ScheduleViewController.h; sourceTree = "<group>"; };
		F6F77C5E21003A2500836D65 /* ScheduleViewController.m */ = {isa = PBXFileReference; lastKnownFileType = sourcecode.c.objc; path = ScheduleViewController.m; sourceTree = "<group>"; };
/* End PBXFileReference section */

/* Begin PBXFrameworksBuildPhase section */
		F6A23AD420EFE04C002384E8 /* Frameworks */ = {
			isa = PBXFrameworksBuildPhase;
			buildActionMask = 2147483647;
			files = (
				537A5DE721019D3300890FEF /* EventKit.framework in Frameworks */,
				5306477820FE86240062432D /* CoreLocation.framework in Frameworks */,
				72D5332444D19627D346CC57 /* libPods-Roadtrip.a in Frameworks */,
			);
			runOnlyForDeploymentPostprocessing = 0;
		};
/* End PBXFrameworksBuildPhase section */

/* Begin PBXGroup section */
		532993052107E50A0058D428 /* Views */ = {
			isa = PBXGroup;
			children = (
				F6F77C5220FFC3EB00836D65 /* LandmarkCell.m */,
				F6F77C5120FFC3EB00836D65 /* LandmarkCell.h */,
				5306478220FFB33A0062432D /* EventCell.h */,
				5306478320FFB33A0062432D /* EventCell.m */,
				5386C9022107E5D7002AA967 /* ScheduleCell.h */,
				5386C9032107E5D7002AA967 /* ScheduleCell.m */,
				D6AA0A682108F4E40074456B /* FriendCell.h */,
				D6AA0A692108F4E40074456B /* FriendCell.m */,
				D67ACB142109016D00EA1815 /* UserCell.h */,
				D67ACB152109016D00EA1815 /* UserCell.m */,
			);
			path = Views;
			sourceTree = "<group>";
		};
		B4574B3D1F9F9AEE236E3730 /* Pods */ = {
			isa = PBXGroup;
			children = (
				029F8E84BB1D1DE9439CB6EE /* Pods-Roadtrip.debug.xcconfig */,
				C10D3723941B140CC23B1156 /* Pods-Roadtrip.release.xcconfig */,
			);
			name = Pods;
			sourceTree = "<group>";
		};
		D6CDFAB020FE5D78001F6A61 /* Objects */ = {
			isa = PBXGroup;
			children = (
				D656ED9220FD446F00D7BAFD /* Event.h */,
				D656ED9320FD446F00D7BAFD /* Event.m */,
				D670B20A20FDC9DC0064755D /* Restaurant.h */,
				D670B20B20FDC9DC0064755D /* Restaurant.m */,
				5306477C20FEF93D0062432D /* Landmark.h */,
				5306477D20FEF93D0062432D /* Landmark.m */,
			);
			path = Objects;
			sourceTree = "<group>";
		};
		F6A23ACE20EFE04C002384E8 = {
			isa = PBXGroup;
			children = (
				F6A23AD920EFE04C002384E8 /* Roadtrip */,
				F6A23AD820EFE04C002384E8 /* Products */,
				B4574B3D1F9F9AEE236E3730 /* Pods */,
				FABB7E2BF1D36441DEE86EAE /* Frameworks */,
			);
			sourceTree = "<group>";
		};
		F6A23AD820EFE04C002384E8 /* Products */ = {
			isa = PBXGroup;
			children = (
				F6A23AD720EFE04C002384E8 /* Roadtrip.app */,
			);
			name = Products;
			sourceTree = "<group>";
		};
		F6A23AD920EFE04C002384E8 /* Roadtrip */ = {
			isa = PBXGroup;
			children = (
				532993052107E50A0058D428 /* Views */,
				D6CDFAB020FE5D78001F6A61 /* Objects */,
				D68C739220FC46D700364D35 /* SWRevealViewController */,
				F6F77C4A20FD354100836D65 /* ViewControllers */,
				F6A23ADA20EFE04C002384E8 /* AppDelegate.h */,
				F6A23ADB20EFE04C002384E8 /* AppDelegate.m */,
				D656ED8C20FD320600D7BAFD /* YelpManager.h */,
				D656ED8D20FD320600D7BAFD /* YelpManager.m */,
				D680BC112100156E00C0EBC4 /* EventbriteManager.h */,
				D680BC122100156E00C0EBC4 /* EventbriteManager.m */,
				D656ED8F20FD3B0800D7BAFD /* TestingViewController.h */,
				D656ED9020FD3B0800D7BAFD /* TestingViewController.m */,
				F6A23AE020EFE04C002384E8 /* Main.storyboard */,
				F6A23AE320EFE04D002384E8 /* Assets.xcassets */,
				F6A23AE520EFE04D002384E8 /* LaunchScreen.storyboard */,
				F6A23AE820EFE04D002384E8 /* Info.plist */,
				F6A23AE920EFE04D002384E8 /* main.m */,
				5306477920FEEE6A0062432D /* GoogleMapsManager.h */,
				5306477A20FEEE6A0062432D /* GoogleMapsManager.m */,
			);
			path = Roadtrip;
			sourceTree = "<group>";
		};
		F6F77C4A20FD354100836D65 /* ViewControllers */ = {
			isa = PBXGroup;
			children = (
				F6F77C3E20FB256600836D65 /* LoginViewController.h */,
				F6F77C3F20FB256600836D65 /* LoginViewController.m */,
				F6F77C4520FC6D7600836D65 /* SignupViewController.h */,
				F6F77C4420FC6D7600836D65 /* SignupViewController.m */,
				F6F77C4720FD353800836D65 /* CategoryViewController.h */,
				F6F77C4820FD353800836D65 /* CategoryViewController.m */,
				F6F77C4B20FD4AC100836D65 /* SelectLocationViewController.h */,
				F6F77C4C20FD4AC100836D65 /* SelectLocationViewController.m */,
				5306477F20FFABD10062432D /* selectEventsViewController.h */,
				5306478020FFABD10062432D /* selectEventsViewController.m */,
				F6F77C4E20FFC2D900836D65 /* SelectLandmarksViewController.h */,
				F6F77C4F20FFC2D900836D65 /* SelectLandmarksViewController.m */,
				5306478520FFED150062432D /* RestaurantTimeViewController.h */,
				5306478620FFED150062432D /* RestaurantTimeViewController.m */,
				D680BC0E20FFF96200C0EBC4 /* LocationTableViewController.h */,
				D680BC0F20FFF96200C0EBC4 /* LocationTableViewController.m */,
				F6F77C5A210016FE00836D65 /* SelectionViewController.h */,
				F6F77C5B210016FE00836D65 /* SelectionViewController.m */,
				F6F77C5D21003A2500836D65 /* ScheduleViewController.h */,
				F6F77C5E21003A2500836D65 /* ScheduleViewController.m */,
				53064788210154010062432D /* EventDetailsViewController.h */,
				53064789210154010062432D /* EventDetailsViewController.m */,
				D6A1E41F2102649400EFF016 /* EventMapViewController.h */,
				D6A1E4202102649400EFF016 /* EventMapViewController.m */,
				5329930121068C8C0058D428 /* ProfileViewController.h */,
				5329930221068C8C0058D428 /* ProfileViewController.m */,
				D67ACB112108F9FF00EA1815 /* SearchPeopleViewController.h */,
				D67ACB122108F9FF00EA1815 /* SearchPeopleViewController.m */,
			);
			path = ViewControllers;
			sourceTree = "<group>";
		};
		FABB7E2BF1D36441DEE86EAE /* Frameworks */ = {
			isa = PBXGroup;
			children = (
				537A5DE621019D3300890FEF /* EventKit.framework */,
				5306477720FE86240062432D /* CoreLocation.framework */,
				B30F6A8CE41E8160D8DC0B8E /* libPods-Roadtrip.a */,
			);
			name = Frameworks;
			sourceTree = "<group>";
		};
/* End PBXGroup section */

/* Begin PBXNativeTarget section */
		F6A23AD620EFE04C002384E8 /* Roadtrip */ = {
			isa = PBXNativeTarget;
			buildConfigurationList = F6A23AED20EFE04D002384E8 /* Build configuration list for PBXNativeTarget "Roadtrip" */;
			buildPhases = (
				A33F2D36E0694462CC509219 /* [CP] Check Pods Manifest.lock */,
				F6A23AD320EFE04C002384E8 /* Sources */,
				F6A23AD420EFE04C002384E8 /* Frameworks */,
				F6A23AD520EFE04C002384E8 /* Resources */,
				F9B0AC96B7427E6A01B69610 /* [CP] Copy Pods Resources */,
			);
			buildRules = (
			);
			dependencies = (
			);
			name = Roadtrip;
			productName = Roadtrip;
			productReference = F6A23AD720EFE04C002384E8 /* Roadtrip.app */;
			productType = "com.apple.product-type.application";
		};
/* End PBXNativeTarget section */

/* Begin PBXProject section */
		F6A23ACF20EFE04C002384E8 /* Project object */ = {
			isa = PBXProject;
			attributes = {
				LastUpgradeCheck = 0940;
				ORGANIZATIONNAME = heh17;
				TargetAttributes = {
					F6A23AD620EFE04C002384E8 = {
						CreatedOnToolsVersion = 9.4.1;
					};
				};
			};
			buildConfigurationList = F6A23AD220EFE04C002384E8 /* Build configuration list for PBXProject "Roadtrip" */;
			compatibilityVersion = "Xcode 9.3";
			developmentRegion = en;
			hasScannedForEncodings = 0;
			knownRegions = (
				en,
				Base,
			);
			mainGroup = F6A23ACE20EFE04C002384E8;
			productRefGroup = F6A23AD820EFE04C002384E8 /* Products */;
			projectDirPath = "";
			projectRoot = "";
			targets = (
				F6A23AD620EFE04C002384E8 /* Roadtrip */,
			);
		};
/* End PBXProject section */

/* Begin PBXResourcesBuildPhase section */
		F6A23AD520EFE04C002384E8 /* Resources */ = {
			isa = PBXResourcesBuildPhase;
			buildActionMask = 2147483647;
			files = (
				F6A23AE720EFE04D002384E8 /* LaunchScreen.storyboard in Resources */,
				F6A23AE420EFE04D002384E8 /* Assets.xcassets in Resources */,
				D68C739320FC46D700364D35 /* SWRevealViewController in Resources */,
				F6A23AE220EFE04C002384E8 /* Main.storyboard in Resources */,
			);
			runOnlyForDeploymentPostprocessing = 0;
		};
/* End PBXResourcesBuildPhase section */

/* Begin PBXShellScriptBuildPhase section */
		A33F2D36E0694462CC509219 /* [CP] Check Pods Manifest.lock */ = {
			isa = PBXShellScriptBuildPhase;
			buildActionMask = 2147483647;
			files = (
			);
			inputPaths = (
				"${PODS_PODFILE_DIR_PATH}/Podfile.lock",
				"${PODS_ROOT}/Manifest.lock",
			);
			name = "[CP] Check Pods Manifest.lock";
			outputPaths = (
				"$(DERIVED_FILE_DIR)/Pods-Roadtrip-checkManifestLockResult.txt",
			);
			runOnlyForDeploymentPostprocessing = 0;
			shellPath = /bin/sh;
			shellScript = "diff \"${PODS_PODFILE_DIR_PATH}/Podfile.lock\" \"${PODS_ROOT}/Manifest.lock\" > /dev/null\nif [ $? != 0 ] ; then\n    # print error to STDERR\n    echo \"error: The sandbox is not in sync with the Podfile.lock. Run 'pod install' or update your CocoaPods installation.\" >&2\n    exit 1\nfi\n# This output is used by Xcode 'outputs' to avoid re-running this script phase.\necho \"SUCCESS\" > \"${SCRIPT_OUTPUT_FILE_0}\"\n";
			showEnvVarsInLog = 0;
		};
		F9B0AC96B7427E6A01B69610 /* [CP] Copy Pods Resources */ = {
			isa = PBXShellScriptBuildPhase;
			buildActionMask = 2147483647;
			files = (
			);
			inputPaths = (
				"${SRCROOT}/Pods/Target Support Files/Pods-Roadtrip/Pods-Roadtrip-resources.sh",
				"${PODS_ROOT}/GoogleMaps/Maps/Frameworks/GoogleMaps.framework/Resources/GoogleMaps.bundle",
				"${PODS_CONFIGURATION_BUILD_DIR}/Parse/Parse.bundle",
			);
			name = "[CP] Copy Pods Resources";
			outputPaths = (
				"${TARGET_BUILD_DIR}/${UNLOCALIZED_RESOURCES_FOLDER_PATH}/GoogleMaps.bundle",
				"${TARGET_BUILD_DIR}/${UNLOCALIZED_RESOURCES_FOLDER_PATH}/Parse.bundle",
			);
			runOnlyForDeploymentPostprocessing = 0;
			shellPath = /bin/sh;
			shellScript = "\"${SRCROOT}/Pods/Target Support Files/Pods-Roadtrip/Pods-Roadtrip-resources.sh\"\n";
			showEnvVarsInLog = 0;
		};
/* End PBXShellScriptBuildPhase section */

/* Begin PBXSourcesBuildPhase section */
		F6A23AD320EFE04C002384E8 /* Sources */ = {
			isa = PBXSourcesBuildPhase;
			buildActionMask = 2147483647;
			files = (
				F6A23AEA20EFE04D002384E8 /* main.m in Sources */,
				F6F77C4920FD353800836D65 /* CategoryViewController.m in Sources */,
				D6A1E4212102649400EFF016 /* EventMapViewController.m in Sources */,
				F6A23ADC20EFE04C002384E8 /* AppDelegate.m in Sources */,
				F6F77C5320FFC3EB00836D65 /* LandmarkCell.m in Sources */,
				5306477E20FEF93D0062432D /* Landmark.m in Sources */,
				F6F77C5C210016FE00836D65 /* SelectionViewController.m in Sources */,
				D6AA0A6A2108F4E40074456B /* FriendCell.m in Sources */,
				F6F77C5020FFC2D900836D65 /* SelectLandmarksViewController.m in Sources */,
				5306478120FFABD10062432D /* selectEventsViewController.m in Sources */,
				5306478A210154010062432D /* EventDetailsViewController.m in Sources */,
				5329930321068C8C0058D428 /* ProfileViewController.m in Sources */,
				D67ACB162109016D00EA1815 /* UserCell.m in Sources */,
				F6F77C4D20FD4AC100836D65 /* SelectLocationViewController.m in Sources */,
				D680BC1020FFF96200C0EBC4 /* LocationTableViewController.m in Sources */,
				F6F77C4620FC6D7600836D65 /* SignupViewController.m in Sources */,
				D680BC132100156E00C0EBC4 /* EventbriteManager.m in Sources */,
				5306477B20FEEE6A0062432D /* GoogleMapsManager.m in Sources */,
				5306478420FFB33A0062432D /* EventCell.m in Sources */,
				D656ED9120FD3B0800D7BAFD /* TestingViewController.m in Sources */,
				5386C9042107E5D7002AA967 /* ScheduleCell.m in Sources */,
				D670B20C20FDC9DC0064755D /* Restaurant.m in Sources */,
				D656ED8E20FD320600D7BAFD /* YelpManager.m in Sources */,
				D67ACB132108F9FF00EA1815 /* SearchPeopleViewController.m in Sources */,
				5306478720FFED150062432D /* RestaurantTimeViewController.m in Sources */,
				F6F77C4020FB256600836D65 /* LoginViewController.m in Sources */,
				F6F77C5F21003A2500836D65 /* ScheduleViewController.m in Sources */,
				D656ED9420FD446F00D7BAFD /* Event.m in Sources */,
			);
			runOnlyForDeploymentPostprocessing = 0;
		};
/* End PBXSourcesBuildPhase section */

/* Begin PBXVariantGroup section */
		F6A23AE020EFE04C002384E8 /* Main.storyboard */ = {
			isa = PBXVariantGroup;
			children = (
				F6A23AE120EFE04C002384E8 /* Base */,
			);
			name = Main.storyboard;
			sourceTree = "<group>";
		};
		F6A23AE520EFE04D002384E8 /* LaunchScreen.storyboard */ = {
			isa = PBXVariantGroup;
			children = (
				F6A23AE620EFE04D002384E8 /* Base */,
			);
			name = LaunchScreen.storyboard;
			sourceTree = "<group>";
		};
/* End PBXVariantGroup section */

/* Begin XCBuildConfiguration section */
		F6A23AEB20EFE04D002384E8 /* Debug */ = {
			isa = XCBuildConfiguration;
			buildSettings = {
				ALWAYS_SEARCH_USER_PATHS = NO;
				CLANG_ANALYZER_NONNULL = YES;
				CLANG_ANALYZER_NUMBER_OBJECT_CONVERSION = YES_AGGRESSIVE;
				CLANG_CXX_LANGUAGE_STANDARD = "gnu++14";
				CLANG_CXX_LIBRARY = "libc++";
				CLANG_ENABLE_MODULES = YES;
				CLANG_ENABLE_OBJC_ARC = YES;
				CLANG_ENABLE_OBJC_WEAK = YES;
				CLANG_WARN_BLOCK_CAPTURE_AUTORELEASING = YES;
				CLANG_WARN_BOOL_CONVERSION = YES;
				CLANG_WARN_COMMA = YES;
				CLANG_WARN_CONSTANT_CONVERSION = YES;
				CLANG_WARN_DEPRECATED_OBJC_IMPLEMENTATIONS = YES;
				CLANG_WARN_DIRECT_OBJC_ISA_USAGE = YES_ERROR;
				CLANG_WARN_DOCUMENTATION_COMMENTS = YES;
				CLANG_WARN_EMPTY_BODY = YES;
				CLANG_WARN_ENUM_CONVERSION = YES;
				CLANG_WARN_INFINITE_RECURSION = YES;
				CLANG_WARN_INT_CONVERSION = YES;
				CLANG_WARN_NON_LITERAL_NULL_CONVERSION = YES;
				CLANG_WARN_OBJC_IMPLICIT_RETAIN_SELF = YES;
				CLANG_WARN_OBJC_LITERAL_CONVERSION = YES;
				CLANG_WARN_OBJC_ROOT_CLASS = YES_ERROR;
				CLANG_WARN_RANGE_LOOP_ANALYSIS = YES;
				CLANG_WARN_STRICT_PROTOTYPES = YES;
				CLANG_WARN_SUSPICIOUS_MOVE = YES;
				CLANG_WARN_UNGUARDED_AVAILABILITY = YES_AGGRESSIVE;
				CLANG_WARN_UNREACHABLE_CODE = YES;
				CLANG_WARN__DUPLICATE_METHOD_MATCH = YES;
				CODE_SIGN_IDENTITY = "iPhone Developer";
				COPY_PHASE_STRIP = NO;
				DEBUG_INFORMATION_FORMAT = dwarf;
				ENABLE_STRICT_OBJC_MSGSEND = YES;
				ENABLE_TESTABILITY = YES;
				GCC_C_LANGUAGE_STANDARD = gnu11;
				GCC_DYNAMIC_NO_PIC = NO;
				GCC_NO_COMMON_BLOCKS = YES;
				GCC_OPTIMIZATION_LEVEL = 0;
				GCC_PREPROCESSOR_DEFINITIONS = (
					"DEBUG=1",
					"$(inherited)",
				);
				GCC_WARN_64_TO_32_BIT_CONVERSION = YES;
				GCC_WARN_ABOUT_RETURN_TYPE = YES_ERROR;
				GCC_WARN_UNDECLARED_SELECTOR = YES;
				GCC_WARN_UNINITIALIZED_AUTOS = YES_AGGRESSIVE;
				GCC_WARN_UNUSED_FUNCTION = YES;
				GCC_WARN_UNUSED_VARIABLE = YES;
				IPHONEOS_DEPLOYMENT_TARGET = 11.4;
				MTL_ENABLE_DEBUG_INFO = YES;
				ONLY_ACTIVE_ARCH = YES;
				SDKROOT = iphoneos;
			};
			name = Debug;
		};
		F6A23AEC20EFE04D002384E8 /* Release */ = {
			isa = XCBuildConfiguration;
			buildSettings = {
				ALWAYS_SEARCH_USER_PATHS = NO;
				CLANG_ANALYZER_NONNULL = YES;
				CLANG_ANALYZER_NUMBER_OBJECT_CONVERSION = YES_AGGRESSIVE;
				CLANG_CXX_LANGUAGE_STANDARD = "gnu++14";
				CLANG_CXX_LIBRARY = "libc++";
				CLANG_ENABLE_MODULES = YES;
				CLANG_ENABLE_OBJC_ARC = YES;
				CLANG_ENABLE_OBJC_WEAK = YES;
				CLANG_WARN_BLOCK_CAPTURE_AUTORELEASING = YES;
				CLANG_WARN_BOOL_CONVERSION = YES;
				CLANG_WARN_COMMA = YES;
				CLANG_WARN_CONSTANT_CONVERSION = YES;
				CLANG_WARN_DEPRECATED_OBJC_IMPLEMENTATIONS = YES;
				CLANG_WARN_DIRECT_OBJC_ISA_USAGE = YES_ERROR;
				CLANG_WARN_DOCUMENTATION_COMMENTS = YES;
				CLANG_WARN_EMPTY_BODY = YES;
				CLANG_WARN_ENUM_CONVERSION = YES;
				CLANG_WARN_INFINITE_RECURSION = YES;
				CLANG_WARN_INT_CONVERSION = YES;
				CLANG_WARN_NON_LITERAL_NULL_CONVERSION = YES;
				CLANG_WARN_OBJC_IMPLICIT_RETAIN_SELF = YES;
				CLANG_WARN_OBJC_LITERAL_CONVERSION = YES;
				CLANG_WARN_OBJC_ROOT_CLASS = YES_ERROR;
				CLANG_WARN_RANGE_LOOP_ANALYSIS = YES;
				CLANG_WARN_STRICT_PROTOTYPES = YES;
				CLANG_WARN_SUSPICIOUS_MOVE = YES;
				CLANG_WARN_UNGUARDED_AVAILABILITY = YES_AGGRESSIVE;
				CLANG_WARN_UNREACHABLE_CODE = YES;
				CLANG_WARN__DUPLICATE_METHOD_MATCH = YES;
				CODE_SIGN_IDENTITY = "iPhone Developer";
				COPY_PHASE_STRIP = NO;
				DEBUG_INFORMATION_FORMAT = "dwarf-with-dsym";
				ENABLE_NS_ASSERTIONS = NO;
				ENABLE_STRICT_OBJC_MSGSEND = YES;
				GCC_C_LANGUAGE_STANDARD = gnu11;
				GCC_NO_COMMON_BLOCKS = YES;
				GCC_WARN_64_TO_32_BIT_CONVERSION = YES;
				GCC_WARN_ABOUT_RETURN_TYPE = YES_ERROR;
				GCC_WARN_UNDECLARED_SELECTOR = YES;
				GCC_WARN_UNINITIALIZED_AUTOS = YES_AGGRESSIVE;
				GCC_WARN_UNUSED_FUNCTION = YES;
				GCC_WARN_UNUSED_VARIABLE = YES;
				IPHONEOS_DEPLOYMENT_TARGET = 11.4;
				MTL_ENABLE_DEBUG_INFO = NO;
				SDKROOT = iphoneos;
				VALIDATE_PRODUCT = YES;
			};
			name = Release;
		};
		F6A23AEE20EFE04D002384E8 /* Debug */ = {
			isa = XCBuildConfiguration;
			baseConfigurationReference = 029F8E84BB1D1DE9439CB6EE /* Pods-Roadtrip.debug.xcconfig */;
			buildSettings = {
				ASSETCATALOG_COMPILER_APPICON_NAME = AppIcon;
				CODE_SIGN_STYLE = Automatic;
				DEVELOPMENT_TEAM = 6RN4LVMY9S;
				INFOPLIST_FILE = Roadtrip/Info.plist;
				LD_RUNPATH_SEARCH_PATHS = (
					"$(inherited)",
					"@executable_path/Frameworks",
				);
				PRODUCT_BUNDLE_IDENTIFIER = heh17.Roadtrip977;
				PRODUCT_NAME = "$(TARGET_NAME)";
				TARGETED_DEVICE_FAMILY = "1,2";
			};
			name = Debug;
		};
		F6A23AEF20EFE04D002384E8 /* Release */ = {
			isa = XCBuildConfiguration;
			baseConfigurationReference = C10D3723941B140CC23B1156 /* Pods-Roadtrip.release.xcconfig */;
			buildSettings = {
				ASSETCATALOG_COMPILER_APPICON_NAME = AppIcon;
				CODE_SIGN_STYLE = Automatic;
				DEVELOPMENT_TEAM = 6RN4LVMY9S;
				INFOPLIST_FILE = Roadtrip/Info.plist;
				LD_RUNPATH_SEARCH_PATHS = (
					"$(inherited)",
					"@executable_path/Frameworks",
				);
				PRODUCT_BUNDLE_IDENTIFIER = heh17.Roadtrip977;
				PRODUCT_NAME = "$(TARGET_NAME)";
				TARGETED_DEVICE_FAMILY = "1,2";
			};
			name = Release;
		};
/* End XCBuildConfiguration section */

/* Begin XCConfigurationList section */
		F6A23AD220EFE04C002384E8 /* Build configuration list for PBXProject "Roadtrip" */ = {
			isa = XCConfigurationList;
			buildConfigurations = (
				F6A23AEB20EFE04D002384E8 /* Debug */,
				F6A23AEC20EFE04D002384E8 /* Release */,
			);
			defaultConfigurationIsVisible = 0;
			defaultConfigurationName = Release;
		};
		F6A23AED20EFE04D002384E8 /* Build configuration list for PBXNativeTarget "Roadtrip" */ = {
			isa = XCConfigurationList;
			buildConfigurations = (
				F6A23AEE20EFE04D002384E8 /* Debug */,
				F6A23AEF20EFE04D002384E8 /* Release */,
			);
			defaultConfigurationIsVisible = 0;
			defaultConfigurationName = Release;
		};
/* End XCConfigurationList section */
	};
	rootObject = F6A23ACF20EFE04C002384E8 /* Project object */;
}
